
Microsoft Visual Studio Solution File, Format Version 11.00
# Visual Studio 2010
Project("{FAE04EC0-301F-11D3-BF4B-00C04F79EFBC}") = "AccountingSystem", "AccountingSystem\AccountingSystem.csproj", "{1F13B208-D3E5-4322-83FF-8B0FBE3A74AE}"
	ProjectSection(ProjectDependencies) = postProject
		{7B5C49EF-AEBF-4947-8281-6680DCA1A791} = {7B5C49EF-AEBF-4947-8281-6680DCA1A791}
	EndProjectSection
EndProject
Project("{FAE04EC0-301F-11D3-BF4B-00C04F79EFBC}") = "AccountDataAccess", "DataAccess\AccountDataAccess.csproj", "{80214720-983C-488D-B60E-0DFA9E1DD77F}"
EndProject
Project("{FAE04EC0-301F-11D3-BF4B-00C04F79EFBC}") = "AccountBusiness", "AccountBusiness\AccountBusiness.csproj", "{7B5C49EF-AEBF-4947-8281-6680DCA1A791}"
EndProject
Project("{FAE04EC0-301F-11D3-BF4B-00C04F79EFBC}") = "Common", "Common\Common.csproj", "{5637C5BC-3433-4260-9651-4D2C2FF78739}"
EndProject
Project("{FAE04EC0-301F-11D3-BF4B-00C04F79EFBC}") = "TestEF", "TestEF\TestEF.csproj", "{E5888A84-1420-464B-B3FE-120BCC1673FC}"
EndProject
Project("{FAE04EC0-301F-11D3-BF4B-00C04F79EFBC}") = "DemoControls", "DemoControls\DemoControls.csproj", "{B2C3A713-2C23-44DB-8C7D-7E845648EB13}"
EndProject
Project("{2150E333-8FDC-42A3-9474-1A3956D46DE8}") = "Solution Items", "Solution Items", "{BFF6350B-D52A-4122-AD3A-546FF6BD68DF}"
	ProjectSection(SolutionItems) = preProject
		..\..\trunk\documents\AccountingSystem.vsd = ..\..\trunk\documents\AccountingSystem.vsd
	EndProjectSection
EndProject
Project("{FAE04EC0-301F-11D3-BF4B-00C04F79EFBC}") = "Unitest", "Unitest\Unitest.csproj", "{62EA9243-45F4-494B-9170-724D5E7A27A1}"
EndProject
Global
	GlobalSection(SolutionConfigurationPlatforms) = preSolution
		Debug|Any CPU = Debug|Any CPU
		Debug|Mixed Platforms = Debug|Mixed Platforms
		Debug|x86 = Debug|x86
		Release|Any CPU = Release|Any CPU
		Release|Mixed Platforms = Release|Mixed Platforms
		Release|x86 = Release|x86
	EndGlobalSection
	GlobalSection(ProjectConfigurationPlatforms) = postSolution
		{1F13B208-D3E5-4322-83FF-8B0FBE3A74AE}.Debug|Any CPU.ActiveCfg = Debug|x86
		{1F13B208-D3E5-4322-83FF-8B0FBE3A74AE}.Debug|Mixed Platforms.ActiveCfg = Debug|x86
		{1F13B208-D3E5-4322-83FF-8B0FBE3A74AE}.Debug|Mixed Platforms.Build.0 = Debug|x86
		{1F13B208-D3E5-4322-83FF-8B0FBE3A74AE}.Debug|x86.ActiveCfg = Debug|x86
		{1F13B208-D3E5-4322-83FF-8B0FBE3A74AE}.Debug|x86.Build.0 = Debug|x86
		{1F13B208-D3E5-4322-83FF-8B0FBE3A74AE}.Release|Any CPU.ActiveCfg = Release|x86
		{1F13B208-D3E5-4322-83FF-8B0FBE3A74AE}.Release|Mixed Platforms.ActiveCfg = Release|x86
		{1F13B208-D3E5-4322-83FF-8B0FBE3A74AE}.Release|Mixed Platforms.Build.0 = Release|x86
		{1F13B208-D3E5-4322-83FF-8B0FBE3A74AE}.Release|x86.ActiveCfg = Release|x86
		{1F13B208-D3E5-4322-83FF-8B0FBE3A74AE}.Release|x86.Build.0 = Release|x86
		{80214720-983C-488D-B60E-0DFA9E1DD77F}.Debug|Any CPU.ActiveCfg = Debug|Any CPU
		{80214720-983C-488D-B60E-0DFA9E1DD77F}.Debug|Any CPU.Build.0 = Debug|Any CPU
		{80214720-983C-488D-B60E-0DFA9E1DD77F}.Debug|Mixed Platforms.ActiveCfg = Debug|Any CPU
		{80214720-983C-488D-B60E-0DFA9E1DD77F}.Debug|Mixed Platforms.Build.0 = Debug|Any CPU
		{80214720-983C-488D-B60E-0DFA9E1DD77F}.Debug|x86.ActiveCfg = Debug|Any CPU
		{80214720-983C-488D-B60E-0DFA9E1DD77F}.Release|Any CPU.ActiveCfg = Release|Any CPU
		{80214720-983C-488D-B60E-0DFA9E1DD77F}.Release|Any CPU.Build.0 = Release|Any CPU
		{80214720-983C-488D-B60E-0DFA9E1DD77F}.Release|Mixed Platforms.ActiveCfg = Release|Any CPU
		{80214720-983C-488D-B60E-0DFA9E1DD77F}.Release|Mixed Platforms.Build.0 = Release|Any CPU
		{80214720-983C-488D-B60E-0DFA9E1DD77F}.Release|x86.ActiveCfg = Release|Any CPU
		{7B5C49EF-AEBF-4947-8281-6680DCA1A791}.Debug|Any CPU.ActiveCfg = Debug|Any CPU
		{7B5C49EF-AEBF-4947-8281-6680DCA1A791}.Debug|Any CPU.Build.0 = Debug|Any CPU
		{7B5C49EF-AEBF-4947-8281-6680DCA1A791}.Debug|Mixed Platforms.ActiveCfg = Debug|Any CPU
		{7B5C49EF-AEBF-4947-8281-6680DCA1A791}.Debug|Mixed Platforms.Build.0 = Debug|Any CPU
		{7B5C49EF-AEBF-4947-8281-6680DCA1A791}.Debug|x86.ActiveCfg = Debug|Any CPU
		{7B5C49EF-AEBF-4947-8281-6680DCA1A791}.Release|Any CPU.ActiveCfg = Release|Any CPU
		{7B5C49EF-AEBF-4947-8281-6680DCA1A791}.Release|Any CPU.Build.0 = Release|Any CPU
		{7B5C49EF-AEBF-4947-8281-6680DCA1A791}.Release|Mixed Platforms.ActiveCfg = Release|Any CPU
		{7B5C49EF-AEBF-4947-8281-6680DCA1A791}.Release|Mixed Platforms.Build.0 = Release|Any CPU
		{7B5C49EF-AEBF-4947-8281-6680DCA1A791}.Release|x86.ActiveCfg = Release|Any CPU
		{5637C5BC-3433-4260-9651-4D2C2FF78739}.Debug|Any CPU.ActiveCfg = Debug|Any CPU
		{5637C5BC-3433-4260-9651-4D2C2FF78739}.Debug|Any CPU.Build.0 = Debug|Any CPU
		{5637C5BC-3433-4260-9651-4D2C2FF78739}.Debug|Mixed Platforms.ActiveCfg = Debug|Any CPU
		{5637C5BC-3433-4260-9651-4D2C2FF78739}.Debug|Mixed Platforms.Build.0 = Debug|Any CPU
		{5637C5BC-3433-4260-9651-4D2C2FF78739}.Debug|x86.ActiveCfg = Debug|Any CPU
		{5637C5BC-3433-4260-9651-4D2C2FF78739}.Release|Any CPU.ActiveCfg = Release|Any CPU
		{5637C5BC-3433-4260-9651-4D2C2FF78739}.Release|Any CPU.Build.0 = Release|Any CPU
		{5637C5BC-3433-4260-9651-4D2C2FF78739}.Release|Mixed Platforms.ActiveCfg = Release|Any CPU
		{5637C5BC-3433-4260-9651-4D2C2FF78739}.Release|Mixed Platforms.Build.0 = Release|Any CPU
		{5637C5BC-3433-4260-9651-4D2C2FF78739}.Release|x86.ActiveCfg = Release|Any CPU
		{E5888A84-1420-464B-B3FE-120BCC1673FC}.Debug|Any CPU.ActiveCfg = Debug|x86
		{E5888A84-1420-464B-B3FE-120BCC1673FC}.Debug|Mixed Platforms.ActiveCfg = Debug|x86
		{E5888A84-1420-464B-B3FE-120BCC1673FC}.Debug|Mixed Platforms.Build.0 = Debug|x86
		{E5888A84-1420-464B-B3FE-120BCC1673FC}.Debug|x86.ActiveCfg = Debug|x86
		{E5888A84-1420-464B-B3FE-120BCC1673FC}.Debug|x86.Build.0 = Debug|x86
		{E5888A84-1420-464B-B3FE-120BCC1673FC}.Release|Any CPU.ActiveCfg = Release|x86
		{E5888A84-1420-464B-B3FE-120BCC1673FC}.Release|Mixed Platforms.ActiveCfg = Release|x86
		{E5888A84-1420-464B-B3FE-120BCC1673FC}.Release|Mixed Platforms.Build.0 = Release|x86
		{E5888A84-1420-464B-B3FE-120BCC1673FC}.Release|x86.ActiveCfg = Release|x86
		{E5888A84-1420-464B-B3FE-120BCC1673FC}.Release|x86.Build.0 = Release|x86
		{B2C3A713-2C23-44DB-8C7D-7E845648EB13}.Debug|Any CPU.ActiveCfg = Debug|x86
		{B2C3A713-2C23-44DB-8C7D-7E845648EB13}.Debug|Mixed Platforms.ActiveCfg = Debug|x86
		{B2C3A713-2C23-44DB-8C7D-7E845648EB13}.Debug|Mixed Platforms.Build.0 = Debug|x86
		{B2C3A713-2C23-44DB-8C7D-7E845648EB13}.Debug|x86.ActiveCfg = Debug|x86
		{B2C3A713-2C23-44DB-8C7D-7E845648EB13}.Debug|x86.Build.0 = Debug|x86
		{B2C3A713-2C23-44DB-8C7D-7E845648EB13}.Release|Any CPU.ActiveCfg = Release|x86
		{B2C3A713-2C23-44DB-8C7D-7E845648EB13}.Release|Mixed Platforms.ActiveCfg = Release|x86
		{B2C3A713-2C23-44DB-8C7D-7E845648EB13}.Release|Mixed Platforms.Build.0 = Release|x86
		{B2C3A713-2C23-44DB-8C7D-7E845648EB13}.Release|x86.ActiveCfg = Release|x86
		{B2C3A713-2C23-44DB-8C7D-7E845648EB13}.Release|x86.Build.0 = Release|x86
		{62EA9243-45F4-494B-9170-724D5E7A27A1}.Debug|Any CPU.ActiveCfg = Debug|Any CPU
		{62EA9243-45F4-494B-9170-724D5E7A27A1}.Debug|Any CPU.Build.0 = Debug|Any CPU
		{62EA9243-45F4-494B-9170-724D5E7A27A1}.Debug|Mixed Platforms.ActiveCfg = Debug|Any CPU
		{62EA9243-45F4-494B-9170-724D5E7A27A1}.Debug|Mixed Platforms.Build.0 = Debug|Any CPU
		{62EA9243-45F4-494B-9170-724D5E7A27A1}.Debug|x86.ActiveCfg = Debug|Any CPU
		{62EA9243-45F4-494B-9170-724D5E7A27A1}.Release|Any CPU.ActiveCfg = Release|Any CPU
		{62EA9243-45F4-494B-9170-724D5E7A27A1}.Release|Any CPU.Build.0 = Release|Any CPU
		{62EA9243-45F4-494B-9170-724D5E7A27A1}.Release|Mixed Platforms.ActiveCfg = Release|Any CPU
		{62EA9243-45F4-494B-9170-724D5E7A27A1}.Release|Mixed Platforms.Build.0 = Release|Any CPU
		{62EA9243-45F4-494B-9170-724D5E7A27A1}.Release|x86.ActiveCfg = Release|Any CPU
	EndGlobalSection
	GlobalSection(SolutionProperties) = preSolution
		HideSolutionNode = FALSE
	EndGlobalSection
EndGlobal
